
Microsoft Visual Studio Solution File, Format Version 12.00
# Visual Studio Version 17
VisualStudioVersion = 17.8.34408.163
MinimumVisualStudioVersion = 10.0.40219.1
Project("{2150E333-8FDC-42A3-9474-1A3956D46DE8}") = "Frontend", "Frontend", "{185CBFB5-E04C-4C28-8934-5BE7BD4E0190}"
EndProject
Project("{2150E333-8FDC-42A3-9474-1A3956D46DE8}") = "Gateway", "Gateway", "{8F44A0A8-8570-41BE-9596-59F843F05B60}"
EndProject
Project("{2150E333-8FDC-42A3-9474-1A3956D46DE8}") = "Infrastructure", "Infrastructure", "{3740069D-0363-4E96-90E0-A045A195566F}"
EndProject
Project("{2150E333-8FDC-42A3-9474-1A3956D46DE8}") = "Services", "Services", "{3143D4DB-9EBD-44AD-8C04-E2B0AE7EE7A5}"
EndProject
Project("{2150E333-8FDC-42A3-9474-1A3956D46DE8}") = "Coupon", "Coupon", "{24B5BB03-2BAA-43BC-A37F-FB13DBA2DE3D}"
EndProject
Project("{2150E333-8FDC-42A3-9474-1A3956D46DE8}") = "Identity", "Identity", "{7A1E3696-31C6-4604-8F0D-2EF9E68C8BA4}"
EndProject
Project("{2150E333-8FDC-42A3-9474-1A3956D46DE8}") = "Product", "Product", "{DF408387-1ABC-4C49-B7D2-DC8A14DAB4D6}"
EndProject
Project("{2150E333-8FDC-42A3-9474-1A3956D46DE8}") = "Core", "Core", "{0FC76C0F-92F5-411F-93A0-569A5A9D98FD}"
EndProject
Project("{2150E333-8FDC-42A3-9474-1A3956D46DE8}") = "Infrastructure", "Infrastructure", "{092B4D94-B22B-4469-BBC6-6845483DBCCF}"
EndProject
Project("{2150E333-8FDC-42A3-9474-1A3956D46DE8}") = "Presentation", "Presentation", "{62BBBE8F-9405-464D-9993-B1DE816B85B9}"
EndProject
Project("{2150E333-8FDC-42A3-9474-1A3956D46DE8}") = "Tests", "Tests", "{A9A8A2CE-E424-4B67-854A-6CC4F24A2B37}"
EndProject
Project("{2150E333-8FDC-42A3-9474-1A3956D46DE8}") = "Core", "Core", "{C9AD1844-B77E-493F-9AD3-A848BFA64AA2}"
EndProject
Project("{2150E333-8FDC-42A3-9474-1A3956D46DE8}") = "Infrastructure", "Infrastructure", "{90E9A3E2-DF53-4C44-9D1A-73E221CA1E11}"
EndProject
Project("{2150E333-8FDC-42A3-9474-1A3956D46DE8}") = "Presentation", "Presentation", "{8C7E9441-3A5F-48FD-A8B9-558AC7B85015}"
EndProject
Project("{2150E333-8FDC-42A3-9474-1A3956D46DE8}") = "Tests", "Tests", "{F7E5F3BF-F6EF-4C23-908B-0D7E9ABDEEB4}"
EndProject
Project("{2150E333-8FDC-42A3-9474-1A3956D46DE8}") = "Core", "Core", "{18242A64-6DB8-40B1-A9E4-B14CCC3AAD20}"
EndProject
Project("{2150E333-8FDC-42A3-9474-1A3956D46DE8}") = "Infrastructure", "Infrastructure", "{37DBA15D-B8DB-40A4-BC18-058A7D6A6C94}"
EndProject
Project("{2150E333-8FDC-42A3-9474-1A3956D46DE8}") = "Presentation", "Presentation", "{818E1689-8EB1-4668-8616-68906C40B942}"
EndProject
Project("{2150E333-8FDC-42A3-9474-1A3956D46DE8}") = "Tests", "Tests", "{312AC3EE-5884-4081-B750-0BDC982A51BA}"
EndProject
Project("{2150E333-8FDC-42A3-9474-1A3956D46DE8}") = "ShoppingCart", "ShoppingCart", "{6D2AFF8E-0210-44F0-94B2-D4C584C0C9BA}"
EndProject
Project("{2150E333-8FDC-42A3-9474-1A3956D46DE8}") = "Core", "Core", "{F4CDC2E2-5EE2-4123-85CC-38327409BA8E}"
EndProject
Project("{2150E333-8FDC-42A3-9474-1A3956D46DE8}") = "Tests", "Tests", "{A7E00E55-EBE1-47D7-B584-C9C5B0B3E91C}"
EndProject
Project("{2150E333-8FDC-42A3-9474-1A3956D46DE8}") = "Infrastructure", "Infrastructure", "{8F415B79-879B-4266-BBB8-0F25D7AEE6B2}"
EndProject
Project("{2150E333-8FDC-42A3-9474-1A3956D46DE8}") = "Favourite", "Favourite", "{46198AD3-6C9B-4449-A886-1EB0EFB5323A}"
EndProject
Project("{2150E333-8FDC-42A3-9474-1A3956D46DE8}") = "Core", "Core", "{F55A16AA-8CD8-4618-8849-0B9C367353C3}"
EndProject
Project("{2150E333-8FDC-42A3-9474-1A3956D46DE8}") = "Presentation", "Presentation", "{3661A443-BC49-4A94-9108-1B674C8D4DB1}"
EndProject
Project("{2150E333-8FDC-42A3-9474-1A3956D46DE8}") = "Tests", "Tests", "{1F564361-C932-447F-9B05-EDC91137F2B4}"
EndProject
Project("{2150E333-8FDC-42A3-9474-1A3956D46DE8}") = "Infrastructure", "Infrastructure", "{37ADC500-6F5C-4C5B-AD01-97F06259C20D}"
EndProject
Project("{2150E333-8FDC-42A3-9474-1A3956D46DE8}") = "Order", "Order", "{6F3CD663-6F7D-4AAF-9111-C9323CD7FA88}"
EndProject
Project("{2150E333-8FDC-42A3-9474-1A3956D46DE8}") = "Core", "Core", "{EF19B8E3-5A1F-4A1E-91B6-37CCCAD606C8}"
EndProject
Project("{2150E333-8FDC-42A3-9474-1A3956D46DE8}") = "Presenration", "Presenration", "{CC4FBB77-1EDF-4EE5-9AA3-77251FF73E16}"
EndProject
Project("{2150E333-8FDC-42A3-9474-1A3956D46DE8}") = "Infrastructure", "Infrastructure", "{2D194164-84DF-4C63-AF2C-86393BA5F6B6}"
EndProject
Project("{2150E333-8FDC-42A3-9474-1A3956D46DE8}") = "Tests", "Tests", "{A2386247-DED2-4A4C-B106-618991EE389C}"
EndProject
Project("{2150E333-8FDC-42A3-9474-1A3956D46DE8}") = "Presentation", "Presentation", "{6AAD5C67-C521-4596-8ADA-72EB201DDD8A}"
EndProject
Project("{9A19103F-16F7-4668-BE54-9A1E7A4F7556}") = "Coupon.Domain", "Services\Coupon\Coupon.Domain\Coupon.Domain.csproj", "{BBBBE6A1-4FAD-4C36-A3F1-B9FEEDAED3DB}"
EndProject
Project("{9A19103F-16F7-4668-BE54-9A1E7A4F7556}") = "Coupon.Application", "Services\Coupon\Coupon.Application\Coupon.Application.csproj", "{D2960E9A-D4CF-479E-A2EF-B935BD236C3B}"
EndProject
Project("{9A19103F-16F7-4668-BE54-9A1E7A4F7556}") = "Coupon.Infrastructure", "Services\Coupon\Coupon.Infrastructure\Coupon.Infrastructure.csproj", "{9B9AD10F-4426-4F1C-83BC-50DD41CA6A61}"
EndProject
Project("{9A19103F-16F7-4668-BE54-9A1E7A4F7556}") = "Coupon.Test", "Services\Coupon\Coupon.Test\Coupon.Test.csproj", "{A5FC54DE-3E63-4FF5-BFB9-7DAB2B6CD54E}"
EndProject
Project("{9A19103F-16F7-4668-BE54-9A1E7A4F7556}") = "Favourite.Application", "Services\Favourite\Favourite.Application\Favourite.Application.csproj", "{D1788441-A0CB-44F5-BFD1-F96442F0385E}"
EndProject
Project("{9A19103F-16F7-4668-BE54-9A1E7A4F7556}") = "Favourite.Domain", "Services\Favourite\Favourite.Domain\Favourite.Domain.csproj", "{2D2AC61E-A55D-4E41-9CA4-AE51B7F677D4}"
EndProject
Project("{9A19103F-16F7-4668-BE54-9A1E7A4F7556}") = "Favourite.Infrastructure", "Services\Favourite\Favourite.Infrastructure\Favourite.Infrastructure.csproj", "{AD188CCE-3214-454F-89D3-A04EDEE979AF}"
EndProject
Project("{9A19103F-16F7-4668-BE54-9A1E7A4F7556}") = "Favourite.API", "Services\Favourite\Favourite.API\Favourite.API.csproj", "{CD62F63F-0365-40DE-AFE8-F73BF41AF0DA}"
EndProject
Project("{9A19103F-16F7-4668-BE54-9A1E7A4F7556}") = "Favourite.Test", "Services\Favourite\Favourite.Test\Favourite.Test.csproj", "{29C89FDB-3A9F-433D-B770-D3A294744115}"
EndProject
Project("{9A19103F-16F7-4668-BE54-9A1E7A4F7556}") = "Identity.Application", "Services\Identity\Identity.Application\Identity.Application.csproj", "{ADFF0924-126D-4354-862B-79187E020E7D}"
EndProject
Project("{9A19103F-16F7-4668-BE54-9A1E7A4F7556}") = "Identity.Domain", "Services\Identity\Identity.Domain\Identity.Domain.csproj", "{9189B4B4-B2E4-45C7-BEDA-AF06FE920909}"
EndProject
Project("{9A19103F-16F7-4668-BE54-9A1E7A4F7556}") = "Identity.Infrastructure", "Services\Identity\Identity.Infrastructure\Identity.Infrastructure.csproj", "{DC26861B-9A43-4BFD-812A-878AEE6773AA}"
EndProject
Project("{9A19103F-16F7-4668-BE54-9A1E7A4F7556}") = "Identity.API", "Services\Identity\Identity.API\Identity.API.csproj", "{94AE5A10-8C36-4F1B-A770-DA87B9362549}"
EndProject
Project("{9A19103F-16F7-4668-BE54-9A1E7A4F7556}") = "Identity.Test", "Services\Identity\Identity.Test\Identity.Test.csproj", "{CA40D8B6-30B4-4797-834E-67D08FC82BB0}"
EndProject
Project("{9A19103F-16F7-4668-BE54-9A1E7A4F7556}") = "Order.Application", "Services\Order\Order.Application\Order.Application.csproj", "{5C659E8A-53F0-43A8-AC02-2AF611347092}"
EndProject
Project("{9A19103F-16F7-4668-BE54-9A1E7A4F7556}") = "Order.Domain", "Services\Order\Order.Domain\Order.Domain.csproj", "{C56F63AF-6432-48A3-A293-7D2A79E5228D}"
EndProject
Project("{9A19103F-16F7-4668-BE54-9A1E7A4F7556}") = "Order.Infrastructure", "Services\Order\Order.Infrastructure\Order.Infrastructure.csproj", "{151708BD-3BBB-4694-80CC-7B96F6CC3E5B}"
EndProject
Project("{9A19103F-16F7-4668-BE54-9A1E7A4F7556}") = "Order.API", "Services\Order\Order.API\Order.API.csproj", "{B4F7714F-1A95-47AE-BEB9-8BBE96770485}"
EndProject
Project("{9A19103F-16F7-4668-BE54-9A1E7A4F7556}") = "Orders.Test", "Services\Order\Orders.Test\Orders.Test.csproj", "{858134C5-2311-48A4-BB13-581D15AEF710}"
EndProject
Project("{9A19103F-16F7-4668-BE54-9A1E7A4F7556}") = "Product.Application", "Services\Prodict\Product.Application\Product.Application.csproj", "{3A08FE9B-AF5E-4D0E-877B-4FC5A917DB43}"
EndProject
Project("{9A19103F-16F7-4668-BE54-9A1E7A4F7556}") = "Product.Domain", "Services\Prodict\Product.Domain\Product.Domain.csproj", "{415CC6E2-2467-4362-AEC3-838DCE4993CC}"
EndProject
Project("{9A19103F-16F7-4668-BE54-9A1E7A4F7556}") = "Product.Infrastructure", "Services\Prodict\Product.Infrastructure\Product.Infrastructure.csproj", "{C19820FE-C7F6-432F-A261-3F121E1EFB2C}"
EndProject
Project("{9A19103F-16F7-4668-BE54-9A1E7A4F7556}") = "Product.API", "Services\Prodict\Product.API\Product.API.csproj", "{4F6EC050-4ED3-4403-B3A1-525956EC8EDD}"
EndProject
Project("{9A19103F-16F7-4668-BE54-9A1E7A4F7556}") = "Product.Test", "Services\Prodict\Product.Test\Product.Test.csproj", "{81519B6C-186F-488B-B79A-996635D34D78}"
EndProject
Project("{9A19103F-16F7-4668-BE54-9A1E7A4F7556}") = "ShoppingCart.Application", "Services\ShoppingCart\ShoppingCart.Application\ShoppingCart.Application.csproj", "{F7C9D055-206F-4785-A899-51C211243A67}"
EndProject
Project("{9A19103F-16F7-4668-BE54-9A1E7A4F7556}") = "ShoppingCart.Domain", "Services\ShoppingCart\ShoppingCart.Domain\ShoppingCart.Domain.csproj", "{13061408-4CB9-434E-8F12-A094F7C5030C}"
EndProject
Project("{9A19103F-16F7-4668-BE54-9A1E7A4F7556}") = "ShoppingCart.Infrastructure", "Services\ShoppingCart\ShoppingCart.Infrastructure\ShoppingCart.Infrastructure.csproj", "{6D8D88F2-0676-4889-BF22-F5D9CDB77B12}"
EndProject
Project("{9A19103F-16F7-4668-BE54-9A1E7A4F7556}") = "ShoppingCart.API", "Services\ShoppingCart\ShoppingCart.API\ShoppingCart.API.csproj", "{0B80ECEF-E5EA-4516-9F47-5A4F40787ED8}"
EndProject
Project("{9A19103F-16F7-4668-BE54-9A1E7A4F7556}") = "PineappleSite.Presentation", "Frontend\PineappleSite.Presentation\PineappleSite.Presentation.csproj", "{44D32E67-D2DC-42BC-8DFF-1BF941BDC2EF}"
EndProject
Project("{9A19103F-16F7-4668-BE54-9A1E7A4F7556}") = "PineappleSite.Infrastructure.RabbitMQ", "Infrastructure\PineappleSite.Infrastructure.RabbitMQ\PineappleSite.Infrastructure.RabbitMQ.csproj", "{02991B7C-FB9C-486E-B8E3-91A8B6A8D5D1}"
EndProject
Project("{9A19103F-16F7-4668-BE54-9A1E7A4F7556}") = "ShoppingCart.Test", "Services\ShoppingCart\ShoppingCart.Test\ShoppingCart.Test.csproj", "{2CF10361-3281-4773-95BC-732C11584FA8}"
EndProject
Project("{9A19103F-16F7-4668-BE54-9A1E7A4F7556}") = "PineappleSite.Gateway", "Gateway\PineappleSite.Gateway\PineappleSite.Gateway.csproj", "{033183D8-F8B7-4376-9099-9C0776389B06}"
EndProject
Project("{FAE04EC0-301F-11D3-BF4B-00C04F79EFBC}") = "Coupon.API", "Services\Coupon\Coupon.API\Coupon.API.csproj", "{7CFBD8A1-6AC2-410B-8557-E362E062EB7E}"
EndProject
Global
	GlobalSection(SolutionConfigurationPlatforms) = preSolution
		Debug|Any CPU = Debug|Any CPU
		Release|Any CPU = Release|Any CPU
	EndGlobalSection
	GlobalSection(ProjectConfigurationPlatforms) = postSolution
		{BBBBE6A1-4FAD-4C36-A3F1-B9FEEDAED3DB}.Debug|Any CPU.ActiveCfg = Debug|Any CPU
		{BBBBE6A1-4FAD-4C36-A3F1-B9FEEDAED3DB}.Debug|Any CPU.Build.0 = Debug|Any CPU
		{BBBBE6A1-4FAD-4C36-A3F1-B9FEEDAED3DB}.Release|Any CPU.ActiveCfg = Release|Any CPU
		{BBBBE6A1-4FAD-4C36-A3F1-B9FEEDAED3DB}.Release|Any CPU.Build.0 = Release|Any CPU
		{D2960E9A-D4CF-479E-A2EF-B935BD236C3B}.Debug|Any CPU.ActiveCfg = Debug|Any CPU
		{D2960E9A-D4CF-479E-A2EF-B935BD236C3B}.Debug|Any CPU.Build.0 = Debug|Any CPU
		{D2960E9A-D4CF-479E-A2EF-B935BD236C3B}.Release|Any CPU.ActiveCfg = Release|Any CPU
		{D2960E9A-D4CF-479E-A2EF-B935BD236C3B}.Release|Any CPU.Build.0 = Release|Any CPU
		{9B9AD10F-4426-4F1C-83BC-50DD41CA6A61}.Debug|Any CPU.ActiveCfg = Debug|Any CPU
		{9B9AD10F-4426-4F1C-83BC-50DD41CA6A61}.Debug|Any CPU.Build.0 = Debug|Any CPU
		{9B9AD10F-4426-4F1C-83BC-50DD41CA6A61}.Release|Any CPU.ActiveCfg = Release|Any CPU
		{9B9AD10F-4426-4F1C-83BC-50DD41CA6A61}.Release|Any CPU.Build.0 = Release|Any CPU
		{A5FC54DE-3E63-4FF5-BFB9-7DAB2B6CD54E}.Debug|Any CPU.ActiveCfg = Debug|Any CPU
		{A5FC54DE-3E63-4FF5-BFB9-7DAB2B6CD54E}.Debug|Any CPU.Build.0 = Debug|Any CPU
		{A5FC54DE-3E63-4FF5-BFB9-7DAB2B6CD54E}.Release|Any CPU.ActiveCfg = Release|Any CPU
		{A5FC54DE-3E63-4FF5-BFB9-7DAB2B6CD54E}.Release|Any CPU.Build.0 = Release|Any CPU
		{D1788441-A0CB-44F5-BFD1-F96442F0385E}.Debug|Any CPU.ActiveCfg = Debug|Any CPU
		{D1788441-A0CB-44F5-BFD1-F96442F0385E}.Debug|Any CPU.Build.0 = Debug|Any CPU
		{D1788441-A0CB-44F5-BFD1-F96442F0385E}.Release|Any CPU.ActiveCfg = Release|Any CPU
		{D1788441-A0CB-44F5-BFD1-F96442F0385E}.Release|Any CPU.Build.0 = Release|Any CPU
		{2D2AC61E-A55D-4E41-9CA4-AE51B7F677D4}.Debug|Any CPU.ActiveCfg = Debug|Any CPU
		{2D2AC61E-A55D-4E41-9CA4-AE51B7F677D4}.Debug|Any CPU.Build.0 = Debug|Any CPU
		{2D2AC61E-A55D-4E41-9CA4-AE51B7F677D4}.Release|Any CPU.ActiveCfg = Release|Any CPU
		{2D2AC61E-A55D-4E41-9CA4-AE51B7F677D4}.Release|Any CPU.Build.0 = Release|Any CPU
		{AD188CCE-3214-454F-89D3-A04EDEE979AF}.Debug|Any CPU.ActiveCfg = Debug|Any CPU
		{AD188CCE-3214-454F-89D3-A04EDEE979AF}.Debug|Any CPU.Build.0 = Debug|Any CPU
		{AD188CCE-3214-454F-89D3-A04EDEE979AF}.Release|Any CPU.ActiveCfg = Release|Any CPU
		{AD188CCE-3214-454F-89D3-A04EDEE979AF}.Release|Any CPU.Build.0 = Release|Any CPU
		{CD62F63F-0365-40DE-AFE8-F73BF41AF0DA}.Debug|Any CPU.ActiveCfg = Debug|Any CPU
		{CD62F63F-0365-40DE-AFE8-F73BF41AF0DA}.Debug|Any CPU.Build.0 = Debug|Any CPU
		{CD62F63F-0365-40DE-AFE8-F73BF41AF0DA}.Release|Any CPU.ActiveCfg = Release|Any CPU
		{CD62F63F-0365-40DE-AFE8-F73BF41AF0DA}.Release|Any CPU.Build.0 = Release|Any CPU
		{29C89FDB-3A9F-433D-B770-D3A294744115}.Debug|Any CPU.ActiveCfg = Debug|Any CPU
		{29C89FDB-3A9F-433D-B770-D3A294744115}.Debug|Any CPU.Build.0 = Debug|Any CPU
		{29C89FDB-3A9F-433D-B770-D3A294744115}.Release|Any CPU.ActiveCfg = Release|Any CPU
		{29C89FDB-3A9F-433D-B770-D3A294744115}.Release|Any CPU.Build.0 = Release|Any CPU
		{ADFF0924-126D-4354-862B-79187E020E7D}.Debug|Any CPU.ActiveCfg = Debug|Any CPU
		{ADFF0924-126D-4354-862B-79187E020E7D}.Debug|Any CPU.Build.0 = Debug|Any CPU
		{ADFF0924-126D-4354-862B-79187E020E7D}.Release|Any CPU.ActiveCfg = Release|Any CPU
		{ADFF0924-126D-4354-862B-79187E020E7D}.Release|Any CPU.Build.0 = Release|Any CPU
		{9189B4B4-B2E4-45C7-BEDA-AF06FE920909}.Debug|Any CPU.ActiveCfg = Debug|Any CPU
		{9189B4B4-B2E4-45C7-BEDA-AF06FE920909}.Debug|Any CPU.Build.0 = Debug|Any CPU
		{9189B4B4-B2E4-45C7-BEDA-AF06FE920909}.Release|Any CPU.ActiveCfg = Release|Any CPU
		{9189B4B4-B2E4-45C7-BEDA-AF06FE920909}.Release|Any CPU.Build.0 = Release|Any CPU
		{DC26861B-9A43-4BFD-812A-878AEE6773AA}.Debug|Any CPU.ActiveCfg = Debug|Any CPU
		{DC26861B-9A43-4BFD-812A-878AEE6773AA}.Debug|Any CPU.Build.0 = Debug|Any CPU
		{DC26861B-9A43-4BFD-812A-878AEE6773AA}.Release|Any CPU.ActiveCfg = Release|Any CPU
		{DC26861B-9A43-4BFD-812A-878AEE6773AA}.Release|Any CPU.Build.0 = Release|Any CPU
		{94AE5A10-8C36-4F1B-A770-DA87B9362549}.Debug|Any CPU.ActiveCfg = Debug|Any CPU
		{94AE5A10-8C36-4F1B-A770-DA87B9362549}.Debug|Any CPU.Build.0 = Debug|Any CPU
		{94AE5A10-8C36-4F1B-A770-DA87B9362549}.Release|Any CPU.ActiveCfg = Release|Any CPU
		{94AE5A10-8C36-4F1B-A770-DA87B9362549}.Release|Any CPU.Build.0 = Release|Any CPU
		{CA40D8B6-30B4-4797-834E-67D08FC82BB0}.Debug|Any CPU.ActiveCfg = Debug|Any CPU
		{CA40D8B6-30B4-4797-834E-67D08FC82BB0}.Debug|Any CPU.Build.0 = Debug|Any CPU
		{CA40D8B6-30B4-4797-834E-67D08FC82BB0}.Release|Any CPU.ActiveCfg = Release|Any CPU
		{CA40D8B6-30B4-4797-834E-67D08FC82BB0}.Release|Any CPU.Build.0 = Release|Any CPU
		{5C659E8A-53F0-43A8-AC02-2AF611347092}.Debug|Any CPU.ActiveCfg = Debug|Any CPU
		{5C659E8A-53F0-43A8-AC02-2AF611347092}.Debug|Any CPU.Build.0 = Debug|Any CPU
		{5C659E8A-53F0-43A8-AC02-2AF611347092}.Release|Any CPU.ActiveCfg = Release|Any CPU
		{5C659E8A-53F0-43A8-AC02-2AF611347092}.Release|Any CPU.Build.0 = Release|Any CPU
		{C56F63AF-6432-48A3-A293-7D2A79E5228D}.Debug|Any CPU.ActiveCfg = Debug|Any CPU
		{C56F63AF-6432-48A3-A293-7D2A79E5228D}.Debug|Any CPU.Build.0 = Debug|Any CPU
		{C56F63AF-6432-48A3-A293-7D2A79E5228D}.Release|Any CPU.ActiveCfg = Release|Any CPU
		{C56F63AF-6432-48A3-A293-7D2A79E5228D}.Release|Any CPU.Build.0 = Release|Any CPU
		{151708BD-3BBB-4694-80CC-7B96F6CC3E5B}.Debug|Any CPU.ActiveCfg = Debug|Any CPU
		{151708BD-3BBB-4694-80CC-7B96F6CC3E5B}.Debug|Any CPU.Build.0 = Debug|Any CPU
		{151708BD-3BBB-4694-80CC-7B96F6CC3E5B}.Release|Any CPU.ActiveCfg = Release|Any CPU
		{151708BD-3BBB-4694-80CC-7B96F6CC3E5B}.Release|Any CPU.Build.0 = Release|Any CPU
		{B4F7714F-1A95-47AE-BEB9-8BBE96770485}.Debug|Any CPU.ActiveCfg = Debug|Any CPU
		{B4F7714F-1A95-47AE-BEB9-8BBE96770485}.Debug|Any CPU.Build.0 = Debug|Any CPU
		{B4F7714F-1A95-47AE-BEB9-8BBE96770485}.Release|Any CPU.ActiveCfg = Release|Any CPU
		{B4F7714F-1A95-47AE-BEB9-8BBE96770485}.Release|Any CPU.Build.0 = Release|Any CPU
		{858134C5-2311-48A4-BB13-581D15AEF710}.Debug|Any CPU.ActiveCfg = Debug|Any CPU
		{858134C5-2311-48A4-BB13-581D15AEF710}.Debug|Any CPU.Build.0 = Debug|Any CPU
		{858134C5-2311-48A4-BB13-581D15AEF710}.Release|Any CPU.ActiveCfg = Release|Any CPU
		{858134C5-2311-48A4-BB13-581D15AEF710}.Release|Any CPU.Build.0 = Release|Any CPU
		{3A08FE9B-AF5E-4D0E-877B-4FC5A917DB43}.Debug|Any CPU.ActiveCfg = Debug|Any CPU
		{3A08FE9B-AF5E-4D0E-877B-4FC5A917DB43}.Debug|Any CPU.Build.0 = Debug|Any CPU
		{3A08FE9B-AF5E-4D0E-877B-4FC5A917DB43}.Release|Any CPU.ActiveCfg = Release|Any CPU
		{3A08FE9B-AF5E-4D0E-877B-4FC5A917DB43}.Release|Any CPU.Build.0 = Release|Any CPU
		{415CC6E2-2467-4362-AEC3-838DCE4993CC}.Debug|Any CPU.ActiveCfg = Debug|Any CPU
		{415CC6E2-2467-4362-AEC3-838DCE4993CC}.Debug|Any CPU.Build.0 = Debug|Any CPU
		{415CC6E2-2467-4362-AEC3-838DCE4993CC}.Release|Any CPU.ActiveCfg = Release|Any CPU
		{415CC6E2-2467-4362-AEC3-838DCE4993CC}.Release|Any CPU.Build.0 = Release|Any CPU
		{C19820FE-C7F6-432F-A261-3F121E1EFB2C}.Debug|Any CPU.ActiveCfg = Debug|Any CPU
		{C19820FE-C7F6-432F-A261-3F121E1EFB2C}.Debug|Any CPU.Build.0 = Debug|Any CPU
		{C19820FE-C7F6-432F-A261-3F121E1EFB2C}.Release|Any CPU.ActiveCfg = Release|Any CPU
		{C19820FE-C7F6-432F-A261-3F121E1EFB2C}.Release|Any CPU.Build.0 = Release|Any CPU
		{4F6EC050-4ED3-4403-B3A1-525956EC8EDD}.Debug|Any CPU.ActiveCfg = Debug|Any CPU
		{4F6EC050-4ED3-4403-B3A1-525956EC8EDD}.Debug|Any CPU.Build.0 = Debug|Any CPU
		{4F6EC050-4ED3-4403-B3A1-525956EC8EDD}.Release|Any CPU.ActiveCfg = Release|Any CPU
		{4F6EC050-4ED3-4403-B3A1-525956EC8EDD}.Release|Any CPU.Build.0 = Release|Any CPU
		{81519B6C-186F-488B-B79A-996635D34D78}.Debug|Any CPU.ActiveCfg = Debug|Any CPU
		{81519B6C-186F-488B-B79A-996635D34D78}.Debug|Any CPU.Build.0 = Debug|Any CPU
		{81519B6C-186F-488B-B79A-996635D34D78}.Release|Any CPU.ActiveCfg = Release|Any CPU
		{81519B6C-186F-488B-B79A-996635D34D78}.Release|Any CPU.Build.0 = Release|Any CPU
		{F7C9D055-206F-4785-A899-51C211243A67}.Debug|Any CPU.ActiveCfg = Debug|Any CPU
		{F7C9D055-206F-4785-A899-51C211243A67}.Debug|Any CPU.Build.0 = Debug|Any CPU
		{F7C9D055-206F-4785-A899-51C211243A67}.Release|Any CPU.ActiveCfg = Release|Any CPU
		{F7C9D055-206F-4785-A899-51C211243A67}.Release|Any CPU.Build.0 = Release|Any CPU
		{13061408-4CB9-434E-8F12-A094F7C5030C}.Debug|Any CPU.ActiveCfg = Debug|Any CPU
		{13061408-4CB9-434E-8F12-A094F7C5030C}.Debug|Any CPU.Build.0 = Debug|Any CPU
		{13061408-4CB9-434E-8F12-A094F7C5030C}.Release|Any CPU.ActiveCfg = Release|Any CPU
		{13061408-4CB9-434E-8F12-A094F7C5030C}.Release|Any CPU.Build.0 = Release|Any CPU
		{6D8D88F2-0676-4889-BF22-F5D9CDB77B12}.Debug|Any CPU.ActiveCfg = Debug|Any CPU
		{6D8D88F2-0676-4889-BF22-F5D9CDB77B12}.Debug|Any CPU.Build.0 = Debug|Any CPU
		{6D8D88F2-0676-4889-BF22-F5D9CDB77B12}.Release|Any CPU.ActiveCfg = Release|Any CPU
		{6D8D88F2-0676-4889-BF22-F5D9CDB77B12}.Release|Any CPU.Build.0 = Release|Any CPU
		{0B80ECEF-E5EA-4516-9F47-5A4F40787ED8}.Debug|Any CPU.ActiveCfg = Debug|Any CPU
		{0B80ECEF-E5EA-4516-9F47-5A4F40787ED8}.Debug|Any CPU.Build.0 = Debug|Any CPU
		{0B80ECEF-E5EA-4516-9F47-5A4F40787ED8}.Release|Any CPU.ActiveCfg = Release|Any CPU
		{0B80ECEF-E5EA-4516-9F47-5A4F40787ED8}.Release|Any CPU.Build.0 = Release|Any CPU
		{44D32E67-D2DC-42BC-8DFF-1BF941BDC2EF}.Debug|Any CPU.ActiveCfg = Debug|Any CPU
		{44D32E67-D2DC-42BC-8DFF-1BF941BDC2EF}.Debug|Any CPU.Build.0 = Debug|Any CPU
		{44D32E67-D2DC-42BC-8DFF-1BF941BDC2EF}.Release|Any CPU.ActiveCfg = Release|Any CPU
		{44D32E67-D2DC-42BC-8DFF-1BF941BDC2EF}.Release|Any CPU.Build.0 = Release|Any CPU
		{02991B7C-FB9C-486E-B8E3-91A8B6A8D5D1}.Debug|Any CPU.ActiveCfg = Debug|Any CPU
		{02991B7C-FB9C-486E-B8E3-91A8B6A8D5D1}.Debug|Any CPU.Build.0 = Debug|Any CPU
		{02991B7C-FB9C-486E-B8E3-91A8B6A8D5D1}.Release|Any CPU.ActiveCfg = Release|Any CPU
		{02991B7C-FB9C-486E-B8E3-91A8B6A8D5D1}.Release|Any CPU.Build.0 = Release|Any CPU
		{2CF10361-3281-4773-95BC-732C11584FA8}.Debug|Any CPU.ActiveCfg = Debug|Any CPU
		{2CF10361-3281-4773-95BC-732C11584FA8}.Debug|Any CPU.Build.0 = Debug|Any CPU
		{2CF10361-3281-4773-95BC-732C11584FA8}.Release|Any CPU.ActiveCfg = Release|Any CPU
		{2CF10361-3281-4773-95BC-732C11584FA8}.Release|Any CPU.Build.0 = Release|Any CPU
		{033183D8-F8B7-4376-9099-9C0776389B06}.Debug|Any CPU.ActiveCfg = Debug|Any CPU
		{033183D8-F8B7-4376-9099-9C0776389B06}.Debug|Any CPU.Build.0 = Debug|Any CPU
		{033183D8-F8B7-4376-9099-9C0776389B06}.Release|Any CPU.ActiveCfg = Release|Any CPU
		{033183D8-F8B7-4376-9099-9C0776389B06}.Release|Any CPU.Build.0 = Release|Any CPU
		{7CFBD8A1-6AC2-410B-8557-E362E062EB7E}.Debug|Any CPU.ActiveCfg = Debug|Any CPU
		{7CFBD8A1-6AC2-410B-8557-E362E062EB7E}.Debug|Any CPU.Build.0 = Debug|Any CPU
		{7CFBD8A1-6AC2-410B-8557-E362E062EB7E}.Release|Any CPU.ActiveCfg = Release|Any CPU
		{7CFBD8A1-6AC2-410B-8557-E362E062EB7E}.Release|Any CPU.Build.0 = Release|Any CPU
	EndGlobalSection
	GlobalSection(SolutionProperties) = preSolution
		HideSolutionNode = FALSE
	EndGlobalSection
	GlobalSection(NestedProjects) = preSolution
		{24B5BB03-2BAA-43BC-A37F-FB13DBA2DE3D} = {3143D4DB-9EBD-44AD-8C04-E2B0AE7EE7A5}
		{7A1E3696-31C6-4604-8F0D-2EF9E68C8BA4} = {3143D4DB-9EBD-44AD-8C04-E2B0AE7EE7A5}
		{DF408387-1ABC-4C49-B7D2-DC8A14DAB4D6} = {3143D4DB-9EBD-44AD-8C04-E2B0AE7EE7A5}
		{0FC76C0F-92F5-411F-93A0-569A5A9D98FD} = {24B5BB03-2BAA-43BC-A37F-FB13DBA2DE3D}
		{092B4D94-B22B-4469-BBC6-6845483DBCCF} = {24B5BB03-2BAA-43BC-A37F-FB13DBA2DE3D}
		{62BBBE8F-9405-464D-9993-B1DE816B85B9} = {24B5BB03-2BAA-43BC-A37F-FB13DBA2DE3D}
		{A9A8A2CE-E424-4B67-854A-6CC4F24A2B37} = {24B5BB03-2BAA-43BC-A37F-FB13DBA2DE3D}
		{C9AD1844-B77E-493F-9AD3-A848BFA64AA2} = {DF408387-1ABC-4C49-B7D2-DC8A14DAB4D6}
		{90E9A3E2-DF53-4C44-9D1A-73E221CA1E11} = {DF408387-1ABC-4C49-B7D2-DC8A14DAB4D6}
		{8C7E9441-3A5F-48FD-A8B9-558AC7B85015} = {DF408387-1ABC-4C49-B7D2-DC8A14DAB4D6}
		{F7E5F3BF-F6EF-4C23-908B-0D7E9ABDEEB4} = {DF408387-1ABC-4C49-B7D2-DC8A14DAB4D6}
		{18242A64-6DB8-40B1-A9E4-B14CCC3AAD20} = {7A1E3696-31C6-4604-8F0D-2EF9E68C8BA4}
		{37DBA15D-B8DB-40A4-BC18-058A7D6A6C94} = {7A1E3696-31C6-4604-8F0D-2EF9E68C8BA4}
		{818E1689-8EB1-4668-8616-68906C40B942} = {7A1E3696-31C6-4604-8F0D-2EF9E68C8BA4}
		{312AC3EE-5884-4081-B750-0BDC982A51BA} = {7A1E3696-31C6-4604-8F0D-2EF9E68C8BA4}
		{6D2AFF8E-0210-44F0-94B2-D4C584C0C9BA} = {3143D4DB-9EBD-44AD-8C04-E2B0AE7EE7A5}
		{F4CDC2E2-5EE2-4123-85CC-38327409BA8E} = {6D2AFF8E-0210-44F0-94B2-D4C584C0C9BA}
		{A7E00E55-EBE1-47D7-B584-C9C5B0B3E91C} = {6D2AFF8E-0210-44F0-94B2-D4C584C0C9BA}
		{8F415B79-879B-4266-BBB8-0F25D7AEE6B2} = {6D2AFF8E-0210-44F0-94B2-D4C584C0C9BA}
		{46198AD3-6C9B-4449-A886-1EB0EFB5323A} = {3143D4DB-9EBD-44AD-8C04-E2B0AE7EE7A5}
		{F55A16AA-8CD8-4618-8849-0B9C367353C3} = {46198AD3-6C9B-4449-A886-1EB0EFB5323A}
		{3661A443-BC49-4A94-9108-1B674C8D4DB1} = {46198AD3-6C9B-4449-A886-1EB0EFB5323A}
		{1F564361-C932-447F-9B05-EDC91137F2B4} = {46198AD3-6C9B-4449-A886-1EB0EFB5323A}
		{37ADC500-6F5C-4C5B-AD01-97F06259C20D} = {46198AD3-6C9B-4449-A886-1EB0EFB5323A}
		{6F3CD663-6F7D-4AAF-9111-C9323CD7FA88} = {3143D4DB-9EBD-44AD-8C04-E2B0AE7EE7A5}
		{EF19B8E3-5A1F-4A1E-91B6-37CCCAD606C8} = {6F3CD663-6F7D-4AAF-9111-C9323CD7FA88}
		{CC4FBB77-1EDF-4EE5-9AA3-77251FF73E16} = {6F3CD663-6F7D-4AAF-9111-C9323CD7FA88}
		{2D194164-84DF-4C63-AF2C-86393BA5F6B6} = {6F3CD663-6F7D-4AAF-9111-C9323CD7FA88}
		{A2386247-DED2-4A4C-B106-618991EE389C} = {6F3CD663-6F7D-4AAF-9111-C9323CD7FA88}
		{6AAD5C67-C521-4596-8ADA-72EB201DDD8A} = {6D2AFF8E-0210-44F0-94B2-D4C584C0C9BA}
		{BBBBE6A1-4FAD-4C36-A3F1-B9FEEDAED3DB} = {0FC76C0F-92F5-411F-93A0-569A5A9D98FD}
		{D2960E9A-D4CF-479E-A2EF-B935BD236C3B} = {0FC76C0F-92F5-411F-93A0-569A5A9D98FD}
		{9B9AD10F-4426-4F1C-83BC-50DD41CA6A61} = {092B4D94-B22B-4469-BBC6-6845483DBCCF}
		{A5FC54DE-3E63-4FF5-BFB9-7DAB2B6CD54E} = {A9A8A2CE-E424-4B67-854A-6CC4F24A2B37}
		{D1788441-A0CB-44F5-BFD1-F96442F0385E} = {F55A16AA-8CD8-4618-8849-0B9C367353C3}
		{2D2AC61E-A55D-4E41-9CA4-AE51B7F677D4} = {F55A16AA-8CD8-4618-8849-0B9C367353C3}
		{AD188CCE-3214-454F-89D3-A04EDEE979AF} = {37ADC500-6F5C-4C5B-AD01-97F06259C20D}
		{CD62F63F-0365-40DE-AFE8-F73BF41AF0DA} = {3661A443-BC49-4A94-9108-1B674C8D4DB1}
		{29C89FDB-3A9F-433D-B770-D3A294744115} = {1F564361-C932-447F-9B05-EDC91137F2B4}
		{ADFF0924-126D-4354-862B-79187E020E7D} = {18242A64-6DB8-40B1-A9E4-B14CCC3AAD20}
		{9189B4B4-B2E4-45C7-BEDA-AF06FE920909} = {18242A64-6DB8-40B1-A9E4-B14CCC3AAD20}
		{DC26861B-9A43-4BFD-812A-878AEE6773AA} = {37DBA15D-B8DB-40A4-BC18-058A7D6A6C94}
		{94AE5A10-8C36-4F1B-A770-DA87B9362549} = {818E1689-8EB1-4668-8616-68906C40B942}
		{CA40D8B6-30B4-4797-834E-67D08FC82BB0} = {312AC3EE-5884-4081-B750-0BDC982A51BA}
		{5C659E8A-53F0-43A8-AC02-2AF611347092} = {EF19B8E3-5A1F-4A1E-91B6-37CCCAD606C8}
		{C56F63AF-6432-48A3-A293-7D2A79E5228D} = {EF19B8E3-5A1F-4A1E-91B6-37CCCAD606C8}
		{151708BD-3BBB-4694-80CC-7B96F6CC3E5B} = {2D194164-84DF-4C63-AF2C-86393BA5F6B6}
		{B4F7714F-1A95-47AE-BEB9-8BBE96770485} = {CC4FBB77-1EDF-4EE5-9AA3-77251FF73E16}
		{858134C5-2311-48A4-BB13-581D15AEF710} = {A2386247-DED2-4A4C-B106-618991EE389C}
		{3A08FE9B-AF5E-4D0E-877B-4FC5A917DB43} = {C9AD1844-B77E-493F-9AD3-A848BFA64AA2}
		{415CC6E2-2467-4362-AEC3-838DCE4993CC} = {C9AD1844-B77E-493F-9AD3-A848BFA64AA2}
		{C19820FE-C7F6-432F-A261-3F121E1EFB2C} = {90E9A3E2-DF53-4C44-9D1A-73E221CA1E11}
		{4F6EC050-4ED3-4403-B3A1-525956EC8EDD} = {8C7E9441-3A5F-48FD-A8B9-558AC7B85015}
		{81519B6C-186F-488B-B79A-996635D34D78} = {F7E5F3BF-F6EF-4C23-908B-0D7E9ABDEEB4}
		{F7C9D055-206F-4785-A899-51C211243A67} = {F4CDC2E2-5EE2-4123-85CC-38327409BA8E}
		{13061408-4CB9-434E-8F12-A094F7C5030C} = {F4CDC2E2-5EE2-4123-85CC-38327409BA8E}
		{6D8D88F2-0676-4889-BF22-F5D9CDB77B12} = {8F415B79-879B-4266-BBB8-0F25D7AEE6B2}
		{0B80ECEF-E5EA-4516-9F47-5A4F40787ED8} = {6AAD5C67-C521-4596-8ADA-72EB201DDD8A}
		{44D32E67-D2DC-42BC-8DFF-1BF941BDC2EF} = {185CBFB5-E04C-4C28-8934-5BE7BD4E0190}
		{02991B7C-FB9C-486E-B8E3-91A8B6A8D5D1} = {3740069D-0363-4E96-90E0-A045A195566F}
		{2CF10361-3281-4773-95BC-732C11584FA8} = {A7E00E55-EBE1-47D7-B584-C9C5B0B3E91C}
		{033183D8-F8B7-4376-9099-9C0776389B06} = {8F44A0A8-8570-41BE-9596-59F843F05B60}
		{7CFBD8A1-6AC2-410B-8557-E362E062EB7E} = {62BBBE8F-9405-464D-9993-B1DE816B85B9}
	EndGlobalSection
	GlobalSection(ExtensibilityGlobals) = postSolution
		SolutionGuid = {776AE2A6-AA1F-4163-ABA1-F06593D92A9E}
	EndGlobalSection
EndGlobal
