
Microsoft Visual Studio Solution File, Format Version 12.00
# Visual Studio Version 17
VisualStudioVersion = 17.8.34408.163
MinimumVisualStudioVersion = 10.0.40219.1
Project("{2150E333-8FDC-42A3-9474-1A3956D46DE8}") = "Frontend", "Frontend", "{185CBFB5-E04C-4C28-8934-5BE7BD4E0190}"
EndProject
Project("{2150E333-8FDC-42A3-9474-1A3956D46DE8}") = "Gateway", "Gateway", "{8F44A0A8-8570-41BE-9596-59F843F05B60}"
EndProject
Project("{2150E333-8FDC-42A3-9474-1A3956D46DE8}") = "Infrastructure", "Infrastructure", "{3740069D-0363-4E96-90E0-A045A195566F}"
EndProject
Project("{2150E333-8FDC-42A3-9474-1A3956D46DE8}") = "Services", "Services", "{3143D4DB-9EBD-44AD-8C04-E2B0AE7EE7A5}"
EndProject
Project("{2150E333-8FDC-42A3-9474-1A3956D46DE8}") = "Coupon", "Coupon", "{24B5BB03-2BAA-43BC-A37F-FB13DBA2DE3D}"
EndProject
Project("{9A19103F-16F7-4668-BE54-9A1E7A4F7556}") = "Coupon.Infrastructure", "Coupon.Infrastructure\Coupon.Infrastructure.csproj", "{B8CBD21D-A0D1-4DB7-A4ED-D509753C2B1D}"
EndProject
Project("{9A19103F-16F7-4668-BE54-9A1E7A4F7556}") = "Coupon.Application", "Coupon.Application\Coupon.Application.csproj", "{B5C40757-DEDA-4A2D-A191-9C7C1B7C8C70}"
EndProject
Project("{9A19103F-16F7-4668-BE54-9A1E7A4F7556}") = "Coupon.API", "Coupon.API\Coupon.API.csproj", "{0545A361-6AD4-416A-BB5F-BD9D1B063A73}"
EndProject
Project("{9A19103F-16F7-4668-BE54-9A1E7A4F7556}") = "Coupon.Test", "Coupon.Test\Coupon.Test.csproj", "{18778053-8D86-4773-BA27-1502A14BC680}"
EndProject
Project("{9A19103F-16F7-4668-BE54-9A1E7A4F7556}") = "PineappleSite.Presentation", "PineappleSite.Presentation\PineappleSite.Presentation.csproj", "{58EF760D-DEEB-4D78-90AD-B9D8A568DD60}"
EndProject
Project("{2150E333-8FDC-42A3-9474-1A3956D46DE8}") = "Identity", "Identity", "{7A1E3696-31C6-4604-8F0D-2EF9E68C8BA4}"
EndProject
Project("{9A19103F-16F7-4668-BE54-9A1E7A4F7556}") = "Identity.API", "Identity.API\Identity.API.csproj", "{6B5EA5D6-477E-48C9-A99C-86FA71D96775}"
EndProject
Project("{9A19103F-16F7-4668-BE54-9A1E7A4F7556}") = "Identity.Infrastructure", "Identity.Infrastructure\Identity.Infrastructure.csproj", "{CAD1AFD1-0748-43AF-A8B3-9AA3F26AB3DC}"
EndProject
Project("{9A19103F-16F7-4668-BE54-9A1E7A4F7556}") = "Identity.Application", "Identity.Application\Identity.Application.csproj", "{F68617D6-9259-4880-8254-1BFC965F3A44}"
EndProject
Project("{2150E333-8FDC-42A3-9474-1A3956D46DE8}") = "Product", "Product", "{DF408387-1ABC-4C49-B7D2-DC8A14DAB4D6}"
EndProject
Project("{9A19103F-16F7-4668-BE54-9A1E7A4F7556}") = "Product.Application", "Product.Application\Product.Application.csproj", "{6505362A-FE61-48B7-A0B7-A3097006E65A}"
EndProject
Project("{9A19103F-16F7-4668-BE54-9A1E7A4F7556}") = "Product.Infrastructure", "Product.Infrastructure\Product.Infrastructure.csproj", "{339609E4-C481-40E7-BCA5-05A2972B0BA9}"
EndProject
Project("{9A19103F-16F7-4668-BE54-9A1E7A4F7556}") = "Product.API", "Product.API\Product.API.csproj", "{61060D1C-1CFD-459A-A91B-8F6BE6CB28C5}"
EndProject
Project("{9A19103F-16F7-4668-BE54-9A1E7A4F7556}") = "Product.Test", "Product.Test\Product.Test.csproj", "{002A9DD5-A24C-4119-B069-62CBC4A3EF25}"
EndProject
Project("{2150E333-8FDC-42A3-9474-1A3956D46DE8}") = "Core", "Core", "{0FC76C0F-92F5-411F-93A0-569A5A9D98FD}"
EndProject
Project("{2150E333-8FDC-42A3-9474-1A3956D46DE8}") = "Infrastructure", "Infrastructure", "{092B4D94-B22B-4469-BBC6-6845483DBCCF}"
EndProject
Project("{2150E333-8FDC-42A3-9474-1A3956D46DE8}") = "Presentation", "Presentation", "{62BBBE8F-9405-464D-9993-B1DE816B85B9}"
EndProject
Project("{9A19103F-16F7-4668-BE54-9A1E7A4F7556}") = "Coupon.Domain", "Coupon.Domain\Coupon.Domain.csproj", "{98A9D25F-EFE2-4C6A-A721-C58A3C2412C8}"
EndProject
Project("{2150E333-8FDC-42A3-9474-1A3956D46DE8}") = "Tests", "Tests", "{A9A8A2CE-E424-4B67-854A-6CC4F24A2B37}"
EndProject
Project("{2150E333-8FDC-42A3-9474-1A3956D46DE8}") = "Core", "Core", "{C9AD1844-B77E-493F-9AD3-A848BFA64AA2}"
EndProject
Project("{2150E333-8FDC-42A3-9474-1A3956D46DE8}") = "Infrastructure", "Infrastructure", "{90E9A3E2-DF53-4C44-9D1A-73E221CA1E11}"
EndProject
Project("{2150E333-8FDC-42A3-9474-1A3956D46DE8}") = "Presentation", "Presentation", "{8C7E9441-3A5F-48FD-A8B9-558AC7B85015}"
EndProject
Project("{2150E333-8FDC-42A3-9474-1A3956D46DE8}") = "Tests", "Tests", "{F7E5F3BF-F6EF-4C23-908B-0D7E9ABDEEB4}"
EndProject
Project("{9A19103F-16F7-4668-BE54-9A1E7A4F7556}") = "Product.Domain", "Product.Domain\Product.Domain.csproj", "{6D8FC811-6FAB-4BF4-9F72-FC7761923D9E}"
EndProject
Project("{2150E333-8FDC-42A3-9474-1A3956D46DE8}") = "Core", "Core", "{18242A64-6DB8-40B1-A9E4-B14CCC3AAD20}"
EndProject
Project("{2150E333-8FDC-42A3-9474-1A3956D46DE8}") = "Infrastructure", "Infrastructure", "{37DBA15D-B8DB-40A4-BC18-058A7D6A6C94}"
EndProject
Project("{2150E333-8FDC-42A3-9474-1A3956D46DE8}") = "Presentation", "Presentation", "{818E1689-8EB1-4668-8616-68906C40B942}"
EndProject
Project("{2150E333-8FDC-42A3-9474-1A3956D46DE8}") = "Tests", "Tests", "{312AC3EE-5884-4081-B750-0BDC982A51BA}"
EndProject
Project("{9A19103F-16F7-4668-BE54-9A1E7A4F7556}") = "Identity.Domain", "Identity.Domain\Identity.Domain.csproj", "{1A966CE9-1CFD-4DBF-90F5-0C85603EF1BB}"
EndProject
Project("{9A19103F-16F7-4668-BE54-9A1E7A4F7556}") = "Identity.Test", "Identity.Test\Identity.Test.csproj", "{7942978B-EBE1-41D8-8F23-2BAEE186B129}"
EndProject
Project("{2150E333-8FDC-42A3-9474-1A3956D46DE8}") = "ShoppingCart", "ShoppingCart", "{6D2AFF8E-0210-44F0-94B2-D4C584C0C9BA}"
EndProject
Project("{2150E333-8FDC-42A3-9474-1A3956D46DE8}") = "Core", "Core", "{F4CDC2E2-5EE2-4123-85CC-38327409BA8E}"
EndProject
Project("{2150E333-8FDC-42A3-9474-1A3956D46DE8}") = "Presentation", "Presentation", "{40EB2F92-E4CD-4164-B730-720A2022F34A}"
EndProject
Project("{2150E333-8FDC-42A3-9474-1A3956D46DE8}") = "Tests", "Tests", "{A7E00E55-EBE1-47D7-B584-C9C5B0B3E91C}"
EndProject
Project("{2150E333-8FDC-42A3-9474-1A3956D46DE8}") = "Infrastructure", "Infrastructure", "{8F415B79-879B-4266-BBB8-0F25D7AEE6B2}"
EndProject
Project("{9A19103F-16F7-4668-BE54-9A1E7A4F7556}") = "ShoppingCart.Domain", "ShoppingCart.Domain\ShoppingCart.Domain.csproj", "{B8ED7406-D303-429C-95BA-7E50B8A19F5C}"
EndProject
Project("{9A19103F-16F7-4668-BE54-9A1E7A4F7556}") = "ShoppingCart.Infrastructure", "ShoppingCart.Infrastructure\ShoppingCart.Infrastructure.csproj", "{0FEFECDD-51E2-43ED-8B13-5B7E6D6CB70B}"
EndProject
Project("{9A19103F-16F7-4668-BE54-9A1E7A4F7556}") = "ShoppingCart.API", "ShoppingCart.API\ShoppingCart.API.csproj", "{5B44476E-62A7-46D4-BD91-CF0992055B24}"
EndProject
Project("{9A19103F-16F7-4668-BE54-9A1E7A4F7556}") = "ShoppingCart.Application", "ShoppingCart.Application\ShoppingCart.Application.csproj", "{F417DB3B-1CF9-4FC5-8A3F-5FD114AF976C}"
EndProject
Project("{9A19103F-16F7-4668-BE54-9A1E7A4F7556}") = "ShoppingCart.Test", "ShoppingCart.Test\ShoppingCart.Test.csproj", "{FF8C3529-FF9E-4E42-83CC-CDF8D565350C}"
EndProject
Project("{2150E333-8FDC-42A3-9474-1A3956D46DE8}") = "Favourite", "Favourite", "{46198AD3-6C9B-4449-A886-1EB0EFB5323A}"
EndProject
Project("{2150E333-8FDC-42A3-9474-1A3956D46DE8}") = "Core", "Core", "{F55A16AA-8CD8-4618-8849-0B9C367353C3}"
EndProject
Project("{2150E333-8FDC-42A3-9474-1A3956D46DE8}") = "Presentation", "Presentation", "{3661A443-BC49-4A94-9108-1B674C8D4DB1}"
EndProject
Project("{2150E333-8FDC-42A3-9474-1A3956D46DE8}") = "Tests", "Tests", "{1F564361-C932-447F-9B05-EDC91137F2B4}"
EndProject
Project("{2150E333-8FDC-42A3-9474-1A3956D46DE8}") = "Infrastructure", "Infrastructure", "{37ADC500-6F5C-4C5B-AD01-97F06259C20D}"
EndProject
Project("{9A19103F-16F7-4668-BE54-9A1E7A4F7556}") = "Favourite.Domain", "Favourite.Domain\Favourite.Domain.csproj", "{5AF3BAC2-02DA-488C-85ED-52BE8D3FB317}"
EndProject
Project("{9A19103F-16F7-4668-BE54-9A1E7A4F7556}") = "Favourite.Infrastructure", "Favourite.Infrastructure\Favourite.Infrastructure.csproj", "{AB11288B-4979-48D7-86DA-1E9A6B2EF4BC}"
EndProject
Project("{9A19103F-16F7-4668-BE54-9A1E7A4F7556}") = "Favourite.API", "Favourite.API\Favourite.API.csproj", "{38F24857-DB09-425F-BBCC-B8B4C740CDD3}"
EndProject
Project("{9A19103F-16F7-4668-BE54-9A1E7A4F7556}") = "Favourite.Application", "Favourite.Application\Favourite.Application.csproj", "{D6415025-D59F-4740-BAC4-8CC20E8C09F9}"
EndProject
Project("{9A19103F-16F7-4668-BE54-9A1E7A4F7556}") = "Favourite.Test", "Favourite.Test\Favourite.Test.csproj", "{27A8858E-7D85-4F74-B7F2-288A9CE1DF7A}"
EndProject
Project("{2150E333-8FDC-42A3-9474-1A3956D46DE8}") = "Order", "Order", "{6F3CD663-6F7D-4AAF-9111-C9323CD7FA88}"
EndProject
Project("{2150E333-8FDC-42A3-9474-1A3956D46DE8}") = "Core", "Core", "{EF19B8E3-5A1F-4A1E-91B6-37CCCAD606C8}"
EndProject
Project("{2150E333-8FDC-42A3-9474-1A3956D46DE8}") = "Presenration", "Presenration", "{CC4FBB77-1EDF-4EE5-9AA3-77251FF73E16}"
EndProject
Project("{2150E333-8FDC-42A3-9474-1A3956D46DE8}") = "Infrastructure", "Infrastructure", "{2D194164-84DF-4C63-AF2C-86393BA5F6B6}"
EndProject
Project("{2150E333-8FDC-42A3-9474-1A3956D46DE8}") = "Tests", "Tests", "{A2386247-DED2-4A4C-B106-618991EE389C}"
EndProject
Project("{9A19103F-16F7-4668-BE54-9A1E7A4F7556}") = "Order.Domain", "Order.Domain\Order.Domain.csproj", "{C80A00F3-7801-492E-801B-F6330EB937B5}"
EndProject
Project("{9A19103F-16F7-4668-BE54-9A1E7A4F7556}") = "Order.Infrastructure", "Order.Infrastructure\Order.Infrastructure.csproj", "{6BEFA24A-C6BC-45DB-9AB1-7FD8C61B1E89}"
EndProject
Project("{9A19103F-16F7-4668-BE54-9A1E7A4F7556}") = "Order.API", "Order.API\Order.API.csproj", "{BD404E1C-EB8A-4679-A2E3-09765A5F29EB}"
EndProject
Project("{9A19103F-16F7-4668-BE54-9A1E7A4F7556}") = "Order.Application", "Order.Application\Order.Application.csproj", "{838F3D18-AAFB-4D24-933C-3B3EAD103DA5}"
EndProject
Project("{9A19103F-16F7-4668-BE54-9A1E7A4F7556}") = "PineappleSite.Gateway", "PineappleSite.Gateway\PineappleSite.Gateway.csproj", "{672D70A0-867D-4D77-B05A-4304D94B7AD8}"
EndProject
Project("{9A19103F-16F7-4668-BE54-9A1E7A4F7556}") = "PineappleSite.Infrastructure.RabbitMQ", "PineappleSite.Infrastructure.RabbitMQ\PineappleSite.Infrastructure.RabbitMQ.csproj", "{1823A466-1C53-4E93-971F-252281F6B3B5}"
EndProject
Project("{FAE04EC0-301F-11D3-BF4B-00C04F79EFBC}") = "API.FunctionalTests", "API.FunctionalTests\API.FunctionalTests.csproj", "{BD6C2BD5-4CFE-4889-9429-61F5CEA49A61}"
EndProject
Global
	GlobalSection(SolutionConfigurationPlatforms) = preSolution
		Debug|Any CPU = Debug|Any CPU
		Release|Any CPU = Release|Any CPU
	EndGlobalSection
	GlobalSection(ProjectConfigurationPlatforms) = postSolution
		{B8CBD21D-A0D1-4DB7-A4ED-D509753C2B1D}.Debug|Any CPU.ActiveCfg = Debug|Any CPU
		{B8CBD21D-A0D1-4DB7-A4ED-D509753C2B1D}.Debug|Any CPU.Build.0 = Debug|Any CPU
		{B8CBD21D-A0D1-4DB7-A4ED-D509753C2B1D}.Release|Any CPU.ActiveCfg = Release|Any CPU
		{B8CBD21D-A0D1-4DB7-A4ED-D509753C2B1D}.Release|Any CPU.Build.0 = Release|Any CPU
		{B5C40757-DEDA-4A2D-A191-9C7C1B7C8C70}.Debug|Any CPU.ActiveCfg = Debug|Any CPU
		{B5C40757-DEDA-4A2D-A191-9C7C1B7C8C70}.Debug|Any CPU.Build.0 = Debug|Any CPU
		{B5C40757-DEDA-4A2D-A191-9C7C1B7C8C70}.Release|Any CPU.ActiveCfg = Release|Any CPU
		{B5C40757-DEDA-4A2D-A191-9C7C1B7C8C70}.Release|Any CPU.Build.0 = Release|Any CPU
		{0545A361-6AD4-416A-BB5F-BD9D1B063A73}.Debug|Any CPU.ActiveCfg = Debug|Any CPU
		{0545A361-6AD4-416A-BB5F-BD9D1B063A73}.Debug|Any CPU.Build.0 = Debug|Any CPU
		{0545A361-6AD4-416A-BB5F-BD9D1B063A73}.Release|Any CPU.ActiveCfg = Release|Any CPU
		{0545A361-6AD4-416A-BB5F-BD9D1B063A73}.Release|Any CPU.Build.0 = Release|Any CPU
		{18778053-8D86-4773-BA27-1502A14BC680}.Debug|Any CPU.ActiveCfg = Debug|Any CPU
		{18778053-8D86-4773-BA27-1502A14BC680}.Debug|Any CPU.Build.0 = Debug|Any CPU
		{18778053-8D86-4773-BA27-1502A14BC680}.Release|Any CPU.ActiveCfg = Release|Any CPU
		{18778053-8D86-4773-BA27-1502A14BC680}.Release|Any CPU.Build.0 = Release|Any CPU
		{58EF760D-DEEB-4D78-90AD-B9D8A568DD60}.Debug|Any CPU.ActiveCfg = Debug|Any CPU
		{58EF760D-DEEB-4D78-90AD-B9D8A568DD60}.Debug|Any CPU.Build.0 = Debug|Any CPU
		{58EF760D-DEEB-4D78-90AD-B9D8A568DD60}.Release|Any CPU.ActiveCfg = Release|Any CPU
		{58EF760D-DEEB-4D78-90AD-B9D8A568DD60}.Release|Any CPU.Build.0 = Release|Any CPU
		{6B5EA5D6-477E-48C9-A99C-86FA71D96775}.Debug|Any CPU.ActiveCfg = Debug|Any CPU
		{6B5EA5D6-477E-48C9-A99C-86FA71D96775}.Debug|Any CPU.Build.0 = Debug|Any CPU
		{6B5EA5D6-477E-48C9-A99C-86FA71D96775}.Release|Any CPU.ActiveCfg = Release|Any CPU
		{6B5EA5D6-477E-48C9-A99C-86FA71D96775}.Release|Any CPU.Build.0 = Release|Any CPU
		{CAD1AFD1-0748-43AF-A8B3-9AA3F26AB3DC}.Debug|Any CPU.ActiveCfg = Debug|Any CPU
		{CAD1AFD1-0748-43AF-A8B3-9AA3F26AB3DC}.Debug|Any CPU.Build.0 = Debug|Any CPU
		{CAD1AFD1-0748-43AF-A8B3-9AA3F26AB3DC}.Release|Any CPU.ActiveCfg = Release|Any CPU
		{CAD1AFD1-0748-43AF-A8B3-9AA3F26AB3DC}.Release|Any CPU.Build.0 = Release|Any CPU
		{F68617D6-9259-4880-8254-1BFC965F3A44}.Debug|Any CPU.ActiveCfg = Debug|Any CPU
		{F68617D6-9259-4880-8254-1BFC965F3A44}.Debug|Any CPU.Build.0 = Debug|Any CPU
		{F68617D6-9259-4880-8254-1BFC965F3A44}.Release|Any CPU.ActiveCfg = Release|Any CPU
		{F68617D6-9259-4880-8254-1BFC965F3A44}.Release|Any CPU.Build.0 = Release|Any CPU
		{6505362A-FE61-48B7-A0B7-A3097006E65A}.Debug|Any CPU.ActiveCfg = Debug|Any CPU
		{6505362A-FE61-48B7-A0B7-A3097006E65A}.Debug|Any CPU.Build.0 = Debug|Any CPU
		{6505362A-FE61-48B7-A0B7-A3097006E65A}.Release|Any CPU.ActiveCfg = Release|Any CPU
		{6505362A-FE61-48B7-A0B7-A3097006E65A}.Release|Any CPU.Build.0 = Release|Any CPU
		{339609E4-C481-40E7-BCA5-05A2972B0BA9}.Debug|Any CPU.ActiveCfg = Debug|Any CPU
		{339609E4-C481-40E7-BCA5-05A2972B0BA9}.Debug|Any CPU.Build.0 = Debug|Any CPU
		{339609E4-C481-40E7-BCA5-05A2972B0BA9}.Release|Any CPU.ActiveCfg = Release|Any CPU
		{339609E4-C481-40E7-BCA5-05A2972B0BA9}.Release|Any CPU.Build.0 = Release|Any CPU
		{61060D1C-1CFD-459A-A91B-8F6BE6CB28C5}.Debug|Any CPU.ActiveCfg = Debug|Any CPU
		{61060D1C-1CFD-459A-A91B-8F6BE6CB28C5}.Debug|Any CPU.Build.0 = Debug|Any CPU
		{61060D1C-1CFD-459A-A91B-8F6BE6CB28C5}.Release|Any CPU.ActiveCfg = Release|Any CPU
		{61060D1C-1CFD-459A-A91B-8F6BE6CB28C5}.Release|Any CPU.Build.0 = Release|Any CPU
		{002A9DD5-A24C-4119-B069-62CBC4A3EF25}.Debug|Any CPU.ActiveCfg = Debug|Any CPU
		{002A9DD5-A24C-4119-B069-62CBC4A3EF25}.Debug|Any CPU.Build.0 = Debug|Any CPU
		{002A9DD5-A24C-4119-B069-62CBC4A3EF25}.Release|Any CPU.ActiveCfg = Release|Any CPU
		{002A9DD5-A24C-4119-B069-62CBC4A3EF25}.Release|Any CPU.Build.0 = Release|Any CPU
		{98A9D25F-EFE2-4C6A-A721-C58A3C2412C8}.Debug|Any CPU.ActiveCfg = Debug|Any CPU
		{98A9D25F-EFE2-4C6A-A721-C58A3C2412C8}.Debug|Any CPU.Build.0 = Debug|Any CPU
		{98A9D25F-EFE2-4C6A-A721-C58A3C2412C8}.Release|Any CPU.ActiveCfg = Release|Any CPU
		{98A9D25F-EFE2-4C6A-A721-C58A3C2412C8}.Release|Any CPU.Build.0 = Release|Any CPU
		{6D8FC811-6FAB-4BF4-9F72-FC7761923D9E}.Debug|Any CPU.ActiveCfg = Debug|Any CPU
		{6D8FC811-6FAB-4BF4-9F72-FC7761923D9E}.Debug|Any CPU.Build.0 = Debug|Any CPU
		{6D8FC811-6FAB-4BF4-9F72-FC7761923D9E}.Release|Any CPU.ActiveCfg = Release|Any CPU
		{6D8FC811-6FAB-4BF4-9F72-FC7761923D9E}.Release|Any CPU.Build.0 = Release|Any CPU
		{1A966CE9-1CFD-4DBF-90F5-0C85603EF1BB}.Debug|Any CPU.ActiveCfg = Debug|Any CPU
		{1A966CE9-1CFD-4DBF-90F5-0C85603EF1BB}.Debug|Any CPU.Build.0 = Debug|Any CPU
		{1A966CE9-1CFD-4DBF-90F5-0C85603EF1BB}.Release|Any CPU.ActiveCfg = Release|Any CPU
		{1A966CE9-1CFD-4DBF-90F5-0C85603EF1BB}.Release|Any CPU.Build.0 = Release|Any CPU
		{7942978B-EBE1-41D8-8F23-2BAEE186B129}.Debug|Any CPU.ActiveCfg = Debug|Any CPU
		{7942978B-EBE1-41D8-8F23-2BAEE186B129}.Debug|Any CPU.Build.0 = Debug|Any CPU
		{7942978B-EBE1-41D8-8F23-2BAEE186B129}.Release|Any CPU.ActiveCfg = Release|Any CPU
		{7942978B-EBE1-41D8-8F23-2BAEE186B129}.Release|Any CPU.Build.0 = Release|Any CPU
		{B8ED7406-D303-429C-95BA-7E50B8A19F5C}.Debug|Any CPU.ActiveCfg = Debug|Any CPU
		{B8ED7406-D303-429C-95BA-7E50B8A19F5C}.Debug|Any CPU.Build.0 = Debug|Any CPU
		{B8ED7406-D303-429C-95BA-7E50B8A19F5C}.Release|Any CPU.ActiveCfg = Release|Any CPU
		{B8ED7406-D303-429C-95BA-7E50B8A19F5C}.Release|Any CPU.Build.0 = Release|Any CPU
		{0FEFECDD-51E2-43ED-8B13-5B7E6D6CB70B}.Debug|Any CPU.ActiveCfg = Debug|Any CPU
		{0FEFECDD-51E2-43ED-8B13-5B7E6D6CB70B}.Debug|Any CPU.Build.0 = Debug|Any CPU
		{0FEFECDD-51E2-43ED-8B13-5B7E6D6CB70B}.Release|Any CPU.ActiveCfg = Release|Any CPU
		{0FEFECDD-51E2-43ED-8B13-5B7E6D6CB70B}.Release|Any CPU.Build.0 = Release|Any CPU
		{5B44476E-62A7-46D4-BD91-CF0992055B24}.Debug|Any CPU.ActiveCfg = Debug|Any CPU
		{5B44476E-62A7-46D4-BD91-CF0992055B24}.Debug|Any CPU.Build.0 = Debug|Any CPU
		{5B44476E-62A7-46D4-BD91-CF0992055B24}.Release|Any CPU.ActiveCfg = Release|Any CPU
		{5B44476E-62A7-46D4-BD91-CF0992055B24}.Release|Any CPU.Build.0 = Release|Any CPU
		{F417DB3B-1CF9-4FC5-8A3F-5FD114AF976C}.Debug|Any CPU.ActiveCfg = Debug|Any CPU
		{F417DB3B-1CF9-4FC5-8A3F-5FD114AF976C}.Debug|Any CPU.Build.0 = Debug|Any CPU
		{F417DB3B-1CF9-4FC5-8A3F-5FD114AF976C}.Release|Any CPU.ActiveCfg = Release|Any CPU
		{F417DB3B-1CF9-4FC5-8A3F-5FD114AF976C}.Release|Any CPU.Build.0 = Release|Any CPU
		{FF8C3529-FF9E-4E42-83CC-CDF8D565350C}.Debug|Any CPU.ActiveCfg = Debug|Any CPU
		{FF8C3529-FF9E-4E42-83CC-CDF8D565350C}.Debug|Any CPU.Build.0 = Debug|Any CPU
		{FF8C3529-FF9E-4E42-83CC-CDF8D565350C}.Release|Any CPU.ActiveCfg = Release|Any CPU
		{FF8C3529-FF9E-4E42-83CC-CDF8D565350C}.Release|Any CPU.Build.0 = Release|Any CPU
		{5AF3BAC2-02DA-488C-85ED-52BE8D3FB317}.Debug|Any CPU.ActiveCfg = Debug|Any CPU
		{5AF3BAC2-02DA-488C-85ED-52BE8D3FB317}.Debug|Any CPU.Build.0 = Debug|Any CPU
		{5AF3BAC2-02DA-488C-85ED-52BE8D3FB317}.Release|Any CPU.ActiveCfg = Release|Any CPU
		{5AF3BAC2-02DA-488C-85ED-52BE8D3FB317}.Release|Any CPU.Build.0 = Release|Any CPU
		{AB11288B-4979-48D7-86DA-1E9A6B2EF4BC}.Debug|Any CPU.ActiveCfg = Debug|Any CPU
		{AB11288B-4979-48D7-86DA-1E9A6B2EF4BC}.Debug|Any CPU.Build.0 = Debug|Any CPU
		{AB11288B-4979-48D7-86DA-1E9A6B2EF4BC}.Release|Any CPU.ActiveCfg = Release|Any CPU
		{AB11288B-4979-48D7-86DA-1E9A6B2EF4BC}.Release|Any CPU.Build.0 = Release|Any CPU
		{38F24857-DB09-425F-BBCC-B8B4C740CDD3}.Debug|Any CPU.ActiveCfg = Debug|Any CPU
		{38F24857-DB09-425F-BBCC-B8B4C740CDD3}.Debug|Any CPU.Build.0 = Debug|Any CPU
		{38F24857-DB09-425F-BBCC-B8B4C740CDD3}.Release|Any CPU.ActiveCfg = Release|Any CPU
		{38F24857-DB09-425F-BBCC-B8B4C740CDD3}.Release|Any CPU.Build.0 = Release|Any CPU
		{D6415025-D59F-4740-BAC4-8CC20E8C09F9}.Debug|Any CPU.ActiveCfg = Debug|Any CPU
		{D6415025-D59F-4740-BAC4-8CC20E8C09F9}.Debug|Any CPU.Build.0 = Debug|Any CPU
		{D6415025-D59F-4740-BAC4-8CC20E8C09F9}.Release|Any CPU.ActiveCfg = Release|Any CPU
		{D6415025-D59F-4740-BAC4-8CC20E8C09F9}.Release|Any CPU.Build.0 = Release|Any CPU
		{27A8858E-7D85-4F74-B7F2-288A9CE1DF7A}.Debug|Any CPU.ActiveCfg = Debug|Any CPU
		{27A8858E-7D85-4F74-B7F2-288A9CE1DF7A}.Debug|Any CPU.Build.0 = Debug|Any CPU
		{27A8858E-7D85-4F74-B7F2-288A9CE1DF7A}.Release|Any CPU.ActiveCfg = Release|Any CPU
		{27A8858E-7D85-4F74-B7F2-288A9CE1DF7A}.Release|Any CPU.Build.0 = Release|Any CPU
		{C80A00F3-7801-492E-801B-F6330EB937B5}.Debug|Any CPU.ActiveCfg = Debug|Any CPU
		{C80A00F3-7801-492E-801B-F6330EB937B5}.Debug|Any CPU.Build.0 = Debug|Any CPU
		{C80A00F3-7801-492E-801B-F6330EB937B5}.Release|Any CPU.ActiveCfg = Release|Any CPU
		{C80A00F3-7801-492E-801B-F6330EB937B5}.Release|Any CPU.Build.0 = Release|Any CPU
		{6BEFA24A-C6BC-45DB-9AB1-7FD8C61B1E89}.Debug|Any CPU.ActiveCfg = Debug|Any CPU
		{6BEFA24A-C6BC-45DB-9AB1-7FD8C61B1E89}.Debug|Any CPU.Build.0 = Debug|Any CPU
		{6BEFA24A-C6BC-45DB-9AB1-7FD8C61B1E89}.Release|Any CPU.ActiveCfg = Release|Any CPU
		{6BEFA24A-C6BC-45DB-9AB1-7FD8C61B1E89}.Release|Any CPU.Build.0 = Release|Any CPU
		{BD404E1C-EB8A-4679-A2E3-09765A5F29EB}.Debug|Any CPU.ActiveCfg = Debug|Any CPU
		{BD404E1C-EB8A-4679-A2E3-09765A5F29EB}.Debug|Any CPU.Build.0 = Debug|Any CPU
		{BD404E1C-EB8A-4679-A2E3-09765A5F29EB}.Release|Any CPU.ActiveCfg = Release|Any CPU
		{BD404E1C-EB8A-4679-A2E3-09765A5F29EB}.Release|Any CPU.Build.0 = Release|Any CPU
		{838F3D18-AAFB-4D24-933C-3B3EAD103DA5}.Debug|Any CPU.ActiveCfg = Debug|Any CPU
		{838F3D18-AAFB-4D24-933C-3B3EAD103DA5}.Debug|Any CPU.Build.0 = Debug|Any CPU
		{838F3D18-AAFB-4D24-933C-3B3EAD103DA5}.Release|Any CPU.ActiveCfg = Release|Any CPU
		{838F3D18-AAFB-4D24-933C-3B3EAD103DA5}.Release|Any CPU.Build.0 = Release|Any CPU
		{672D70A0-867D-4D77-B05A-4304D94B7AD8}.Debug|Any CPU.ActiveCfg = Debug|Any CPU
		{672D70A0-867D-4D77-B05A-4304D94B7AD8}.Debug|Any CPU.Build.0 = Debug|Any CPU
		{672D70A0-867D-4D77-B05A-4304D94B7AD8}.Release|Any CPU.ActiveCfg = Release|Any CPU
		{672D70A0-867D-4D77-B05A-4304D94B7AD8}.Release|Any CPU.Build.0 = Release|Any CPU
		{1823A466-1C53-4E93-971F-252281F6B3B5}.Debug|Any CPU.ActiveCfg = Debug|Any CPU
		{1823A466-1C53-4E93-971F-252281F6B3B5}.Debug|Any CPU.Build.0 = Debug|Any CPU
		{1823A466-1C53-4E93-971F-252281F6B3B5}.Release|Any CPU.ActiveCfg = Release|Any CPU
		{1823A466-1C53-4E93-971F-252281F6B3B5}.Release|Any CPU.Build.0 = Release|Any CPU
		{BD6C2BD5-4CFE-4889-9429-61F5CEA49A61}.Debug|Any CPU.ActiveCfg = Debug|Any CPU
		{BD6C2BD5-4CFE-4889-9429-61F5CEA49A61}.Debug|Any CPU.Build.0 = Debug|Any CPU
		{BD6C2BD5-4CFE-4889-9429-61F5CEA49A61}.Release|Any CPU.ActiveCfg = Release|Any CPU
		{BD6C2BD5-4CFE-4889-9429-61F5CEA49A61}.Release|Any CPU.Build.0 = Release|Any CPU
	EndGlobalSection
	GlobalSection(SolutionProperties) = preSolution
		HideSolutionNode = FALSE
	EndGlobalSection
	GlobalSection(NestedProjects) = preSolution
		{24B5BB03-2BAA-43BC-A37F-FB13DBA2DE3D} = {3143D4DB-9EBD-44AD-8C04-E2B0AE7EE7A5}
		{B8CBD21D-A0D1-4DB7-A4ED-D509753C2B1D} = {092B4D94-B22B-4469-BBC6-6845483DBCCF}
		{B5C40757-DEDA-4A2D-A191-9C7C1B7C8C70} = {0FC76C0F-92F5-411F-93A0-569A5A9D98FD}
		{0545A361-6AD4-416A-BB5F-BD9D1B063A73} = {62BBBE8F-9405-464D-9993-B1DE816B85B9}
		{18778053-8D86-4773-BA27-1502A14BC680} = {A9A8A2CE-E424-4B67-854A-6CC4F24A2B37}
		{58EF760D-DEEB-4D78-90AD-B9D8A568DD60} = {185CBFB5-E04C-4C28-8934-5BE7BD4E0190}
		{7A1E3696-31C6-4604-8F0D-2EF9E68C8BA4} = {3143D4DB-9EBD-44AD-8C04-E2B0AE7EE7A5}
		{6B5EA5D6-477E-48C9-A99C-86FA71D96775} = {818E1689-8EB1-4668-8616-68906C40B942}
		{CAD1AFD1-0748-43AF-A8B3-9AA3F26AB3DC} = {37DBA15D-B8DB-40A4-BC18-058A7D6A6C94}
		{F68617D6-9259-4880-8254-1BFC965F3A44} = {18242A64-6DB8-40B1-A9E4-B14CCC3AAD20}
		{DF408387-1ABC-4C49-B7D2-DC8A14DAB4D6} = {3143D4DB-9EBD-44AD-8C04-E2B0AE7EE7A5}
		{6505362A-FE61-48B7-A0B7-A3097006E65A} = {C9AD1844-B77E-493F-9AD3-A848BFA64AA2}
		{339609E4-C481-40E7-BCA5-05A2972B0BA9} = {90E9A3E2-DF53-4C44-9D1A-73E221CA1E11}
		{61060D1C-1CFD-459A-A91B-8F6BE6CB28C5} = {8C7E9441-3A5F-48FD-A8B9-558AC7B85015}
		{002A9DD5-A24C-4119-B069-62CBC4A3EF25} = {F7E5F3BF-F6EF-4C23-908B-0D7E9ABDEEB4}
		{0FC76C0F-92F5-411F-93A0-569A5A9D98FD} = {24B5BB03-2BAA-43BC-A37F-FB13DBA2DE3D}
		{092B4D94-B22B-4469-BBC6-6845483DBCCF} = {24B5BB03-2BAA-43BC-A37F-FB13DBA2DE3D}
		{62BBBE8F-9405-464D-9993-B1DE816B85B9} = {24B5BB03-2BAA-43BC-A37F-FB13DBA2DE3D}
		{98A9D25F-EFE2-4C6A-A721-C58A3C2412C8} = {0FC76C0F-92F5-411F-93A0-569A5A9D98FD}
		{A9A8A2CE-E424-4B67-854A-6CC4F24A2B37} = {24B5BB03-2BAA-43BC-A37F-FB13DBA2DE3D}
		{C9AD1844-B77E-493F-9AD3-A848BFA64AA2} = {DF408387-1ABC-4C49-B7D2-DC8A14DAB4D6}
		{90E9A3E2-DF53-4C44-9D1A-73E221CA1E11} = {DF408387-1ABC-4C49-B7D2-DC8A14DAB4D6}
		{8C7E9441-3A5F-48FD-A8B9-558AC7B85015} = {DF408387-1ABC-4C49-B7D2-DC8A14DAB4D6}
		{F7E5F3BF-F6EF-4C23-908B-0D7E9ABDEEB4} = {DF408387-1ABC-4C49-B7D2-DC8A14DAB4D6}
		{6D8FC811-6FAB-4BF4-9F72-FC7761923D9E} = {C9AD1844-B77E-493F-9AD3-A848BFA64AA2}
		{18242A64-6DB8-40B1-A9E4-B14CCC3AAD20} = {7A1E3696-31C6-4604-8F0D-2EF9E68C8BA4}
		{37DBA15D-B8DB-40A4-BC18-058A7D6A6C94} = {7A1E3696-31C6-4604-8F0D-2EF9E68C8BA4}
		{818E1689-8EB1-4668-8616-68906C40B942} = {7A1E3696-31C6-4604-8F0D-2EF9E68C8BA4}
		{312AC3EE-5884-4081-B750-0BDC982A51BA} = {7A1E3696-31C6-4604-8F0D-2EF9E68C8BA4}
		{1A966CE9-1CFD-4DBF-90F5-0C85603EF1BB} = {18242A64-6DB8-40B1-A9E4-B14CCC3AAD20}
		{7942978B-EBE1-41D8-8F23-2BAEE186B129} = {312AC3EE-5884-4081-B750-0BDC982A51BA}
		{6D2AFF8E-0210-44F0-94B2-D4C584C0C9BA} = {3143D4DB-9EBD-44AD-8C04-E2B0AE7EE7A5}
		{F4CDC2E2-5EE2-4123-85CC-38327409BA8E} = {6D2AFF8E-0210-44F0-94B2-D4C584C0C9BA}
		{40EB2F92-E4CD-4164-B730-720A2022F34A} = {6D2AFF8E-0210-44F0-94B2-D4C584C0C9BA}
		{A7E00E55-EBE1-47D7-B584-C9C5B0B3E91C} = {6D2AFF8E-0210-44F0-94B2-D4C584C0C9BA}
		{8F415B79-879B-4266-BBB8-0F25D7AEE6B2} = {6D2AFF8E-0210-44F0-94B2-D4C584C0C9BA}
		{B8ED7406-D303-429C-95BA-7E50B8A19F5C} = {F4CDC2E2-5EE2-4123-85CC-38327409BA8E}
		{0FEFECDD-51E2-43ED-8B13-5B7E6D6CB70B} = {8F415B79-879B-4266-BBB8-0F25D7AEE6B2}
		{5B44476E-62A7-46D4-BD91-CF0992055B24} = {40EB2F92-E4CD-4164-B730-720A2022F34A}
		{F417DB3B-1CF9-4FC5-8A3F-5FD114AF976C} = {F4CDC2E2-5EE2-4123-85CC-38327409BA8E}
		{FF8C3529-FF9E-4E42-83CC-CDF8D565350C} = {A7E00E55-EBE1-47D7-B584-C9C5B0B3E91C}
		{46198AD3-6C9B-4449-A886-1EB0EFB5323A} = {3143D4DB-9EBD-44AD-8C04-E2B0AE7EE7A5}
		{F55A16AA-8CD8-4618-8849-0B9C367353C3} = {46198AD3-6C9B-4449-A886-1EB0EFB5323A}
		{3661A443-BC49-4A94-9108-1B674C8D4DB1} = {46198AD3-6C9B-4449-A886-1EB0EFB5323A}
		{1F564361-C932-447F-9B05-EDC91137F2B4} = {46198AD3-6C9B-4449-A886-1EB0EFB5323A}
		{37ADC500-6F5C-4C5B-AD01-97F06259C20D} = {46198AD3-6C9B-4449-A886-1EB0EFB5323A}
		{5AF3BAC2-02DA-488C-85ED-52BE8D3FB317} = {F55A16AA-8CD8-4618-8849-0B9C367353C3}
		{AB11288B-4979-48D7-86DA-1E9A6B2EF4BC} = {37ADC500-6F5C-4C5B-AD01-97F06259C20D}
		{38F24857-DB09-425F-BBCC-B8B4C740CDD3} = {3661A443-BC49-4A94-9108-1B674C8D4DB1}
		{D6415025-D59F-4740-BAC4-8CC20E8C09F9} = {F55A16AA-8CD8-4618-8849-0B9C367353C3}
		{27A8858E-7D85-4F74-B7F2-288A9CE1DF7A} = {1F564361-C932-447F-9B05-EDC91137F2B4}
		{6F3CD663-6F7D-4AAF-9111-C9323CD7FA88} = {3143D4DB-9EBD-44AD-8C04-E2B0AE7EE7A5}
		{EF19B8E3-5A1F-4A1E-91B6-37CCCAD606C8} = {6F3CD663-6F7D-4AAF-9111-C9323CD7FA88}
		{CC4FBB77-1EDF-4EE5-9AA3-77251FF73E16} = {6F3CD663-6F7D-4AAF-9111-C9323CD7FA88}
		{2D194164-84DF-4C63-AF2C-86393BA5F6B6} = {6F3CD663-6F7D-4AAF-9111-C9323CD7FA88}
		{A2386247-DED2-4A4C-B106-618991EE389C} = {6F3CD663-6F7D-4AAF-9111-C9323CD7FA88}
		{C80A00F3-7801-492E-801B-F6330EB937B5} = {EF19B8E3-5A1F-4A1E-91B6-37CCCAD606C8}
		{6BEFA24A-C6BC-45DB-9AB1-7FD8C61B1E89} = {2D194164-84DF-4C63-AF2C-86393BA5F6B6}
		{BD404E1C-EB8A-4679-A2E3-09765A5F29EB} = {CC4FBB77-1EDF-4EE5-9AA3-77251FF73E16}
		{838F3D18-AAFB-4D24-933C-3B3EAD103DA5} = {EF19B8E3-5A1F-4A1E-91B6-37CCCAD606C8}
		{672D70A0-867D-4D77-B05A-4304D94B7AD8} = {8F44A0A8-8570-41BE-9596-59F843F05B60}
		{1823A466-1C53-4E93-971F-252281F6B3B5} = {3740069D-0363-4E96-90E0-A045A195566F}
		{BD6C2BD5-4CFE-4889-9429-61F5CEA49A61} = {A9A8A2CE-E424-4B67-854A-6CC4F24A2B37}
	EndGlobalSection
	GlobalSection(ExtensibilityGlobals) = postSolution
		SolutionGuid = {776AE2A6-AA1F-4163-ABA1-F06593D92A9E}
	EndGlobalSection
EndGlobal
