
Microsoft Visual Studio Solution File, Format Version 12.00
# Visual Studio Version 17
VisualStudioVersion = 17.8.34408.163
MinimumVisualStudioVersion = 10.0.40219.1
Project("{2150E333-8FDC-42A3-9474-1A3956D46DE8}") = "Frontend", "Frontend", "{185CBFB5-E04C-4C28-8934-5BE7BD4E0190}"
EndProject
Project("{2150E333-8FDC-42A3-9474-1A3956D46DE8}") = "Gateway", "Gateway", "{8F44A0A8-8570-41BE-9596-59F843F05B60}"
EndProject
Project("{2150E333-8FDC-42A3-9474-1A3956D46DE8}") = "Infrastructure", "Infrastructure", "{3740069D-0363-4E96-90E0-A045A195566F}"
EndProject
Project("{2150E333-8FDC-42A3-9474-1A3956D46DE8}") = "Services", "Services", "{3143D4DB-9EBD-44AD-8C04-E2B0AE7EE7A5}"
EndProject
Project("{2150E333-8FDC-42A3-9474-1A3956D46DE8}") = "Coupon", "Coupon", "{24B5BB03-2BAA-43BC-A37F-FB13DBA2DE3D}"
EndProject
Project("{FAE04EC0-301F-11D3-BF4B-00C04F79EFBC}") = "PineappleSite.Coupon.Core", "PineappleSite.Coupon.Core\PineappleSite.Coupon.Core.csproj", "{F2FDFEBB-79B2-44A0-A87F-6E7BC405BAEE}"
EndProject
Global
	GlobalSection(SolutionConfigurationPlatforms) = preSolution
		Debug|Any CPU = Debug|Any CPU
		Release|Any CPU = Release|Any CPU
	EndGlobalSection
	GlobalSection(ProjectConfigurationPlatforms) = postSolution
		{F2FDFEBB-79B2-44A0-A87F-6E7BC405BAEE}.Debug|Any CPU.ActiveCfg = Debug|Any CPU
		{F2FDFEBB-79B2-44A0-A87F-6E7BC405BAEE}.Debug|Any CPU.Build.0 = Debug|Any CPU
		{F2FDFEBB-79B2-44A0-A87F-6E7BC405BAEE}.Release|Any CPU.ActiveCfg = Release|Any CPU
		{F2FDFEBB-79B2-44A0-A87F-6E7BC405BAEE}.Release|Any CPU.Build.0 = Release|Any CPU
	EndGlobalSection
	GlobalSection(SolutionProperties) = preSolution
		HideSolutionNode = FALSE
	EndGlobalSection
	GlobalSection(NestedProjects) = preSolution
		{24B5BB03-2BAA-43BC-A37F-FB13DBA2DE3D} = {3143D4DB-9EBD-44AD-8C04-E2B0AE7EE7A5}
		{F2FDFEBB-79B2-44A0-A87F-6E7BC405BAEE} = {24B5BB03-2BAA-43BC-A37F-FB13DBA2DE3D}
	EndGlobalSection
	GlobalSection(ExtensibilityGlobals) = postSolution
		SolutionGuid = {776AE2A6-AA1F-4163-ABA1-F06593D92A9E}
	EndGlobalSection
EndGlobal
